// !$*UTF8*$!
{
	archiveVersion = 1;
	classes = {
	};
	objectVersion = 51;
	objects = {

/* Begin PBXBuildFile section */
		110CDA8C0A9D3D2E9AC1339B /* Pods_Yakyu_Lamen.framework in Frameworks */ = {isa = PBXBuildFile; fileRef = 035201B4C092CB2131F95126 /* Pods_Yakyu_Lamen.framework */; };
		53185DBC21C4ACB1006558F8 /* YelpAPI.swift in Sources */ = {isa = PBXBuildFile; fileRef = 53185DBB21C4ACB1006558F8 /* YelpAPI.swift */; };
		531BCFA321BDDADF0023CA54 /* DataSource.swift in Sources */ = {isa = PBXBuildFile; fileRef = 531BCFA221BDDADF0023CA54 /* DataSource.swift */; };
		531BCFA521BDE5110023CA54 /* CentralLeagueTableViewController.swift in Sources */ = {isa = PBXBuildFile; fileRef = 531BCFA421BDE5110023CA54 /* CentralLeagueTableViewController.swift */; };
		5320A38621DA2C4A00B6C693 /* MapIconView.swift in Sources */ = {isa = PBXBuildFile; fileRef = 5320A38521DA2C4A00B6C693 /* MapIconView.swift */; };
		5341BCF121D9ACA300F024A3 /* MapKit.framework in Frameworks */ = {isa = PBXBuildFile; fileRef = 5341BCF021D9ACA300F024A3 /* MapKit.framework */; };
		5341BCF321D9ACFB00F024A3 /* MapPoints.swift in Sources */ = {isa = PBXBuildFile; fileRef = 5341BCF221D9ACFB00F024A3 /* MapPoints.swift */; };
		5341BCF521D9AD6000F024A3 /* MapViewController.swift in Sources */ = {isa = PBXBuildFile; fileRef = 5341BCF421D9AD6000F024A3 /* MapViewController.swift */; };
		5348D14621BD78740009990C /* AppDelegate.swift in Sources */ = {isa = PBXBuildFile; fileRef = 5348D14521BD78740009990C /* AppDelegate.swift */; };
		5348D14D21BD78740009990C /* Main.storyboard in Resources */ = {isa = PBXBuildFile; fileRef = 5348D14B21BD78740009990C /* Main.storyboard */; };
		5348D14F21BD78770009990C /* Assets.xcassets in Resources */ = {isa = PBXBuildFile; fileRef = 5348D14E21BD78770009990C /* Assets.xcassets */; };
		5348D15221BD78770009990C /* LaunchScreen.storyboard in Resources */ = {isa = PBXBuildFile; fileRef = 5348D15021BD78770009990C /* LaunchScreen.storyboard */; };
		5348D15A21BD7B240009990C /* LaunchScreenViewController.swift in Sources */ = {isa = PBXBuildFile; fileRef = 5348D15921BD7B240009990C /* LaunchScreenViewController.swift */; };
		535C349A21D59E170033D560 /* RatingControl.swift in Sources */ = {isa = PBXBuildFile; fileRef = 535C349921D59E170033D560 /* RatingControl.swift */; };
		535C349C21D5A8130033D560 /* RestaurantsTableViewCell.swift in Sources */ = {isa = PBXBuildFile; fileRef = 535C349B21D5A8130033D560 /* RestaurantsTableViewCell.swift */; };
		5367921621DDBF8A007F56BD /* LeagueTableViewController.swift in Sources */ = {isa = PBXBuildFile; fileRef = 5367921521DDBF8A007F56BD /* LeagueTableViewController.swift */; };
		5367921921DDC02C007F56BD /* CentralLeagueDataSource.swift in Sources */ = {isa = PBXBuildFile; fileRef = 5367921821DDC02C007F56BD /* CentralLeagueDataSource.swift */; };
		5371CDE721DD39D9003A51B3 /* StoreMapController.swift in Sources */ = {isa = PBXBuildFile; fileRef = 5371CDE621DD39D9003A51B3 /* StoreMapController.swift */; };
		5371CDE921DD5381003A51B3 /* LeagueMapController.swift in Sources */ = {isa = PBXBuildFile; fileRef = 5371CDE821DD5381003A51B3 /* LeagueMapController.swift */; };
		537AE0CA21BD9079000E3E0C /* Teams.swift in Sources */ = {isa = PBXBuildFile; fileRef = 537AE0C921BD9079000E3E0C /* Teams.swift */; };
		537AE0CD21BDA301000E3E0C /* PacificLeagueTableViewController.swift in Sources */ = {isa = PBXBuildFile; fileRef = 537AE0CB21BDA301000E3E0C /* PacificLeagueTableViewController.swift */; };
		53AEEF652324028A003EA007 /* YelpRequest.swift in Sources */ = {isa = PBXBuildFile; fileRef = 53AEEF642324028A003EA007 /* YelpRequest.swift */; };
		53CF690A21CC930000CB41D7 /* Restaurant.swift in Sources */ = {isa = PBXBuildFile; fileRef = 53CF690921CC930000CB41D7 /* Restaurant.swift */; };
		53E509C621BFCC70000DA737 /* StoresTableViewController.swift in Sources */ = {isa = PBXBuildFile; fileRef = 53E509C521BFCC70000DA737 /* StoresTableViewController.swift */; };
		53FDF82C21DE4ACE00F7C5C0 /* PacificLeagueDataSource.swift in Sources */ = {isa = PBXBuildFile; fileRef = 53FDF82B21DE4ACE00F7C5C0 /* PacificLeagueDataSource.swift */; };
		884F0D24238CBA6A008F2D40 /* Config.plist in Resources */ = {isa = PBXBuildFile; fileRef = 884F0D23238CBA6A008F2D40 /* Config.plist */; };
		885830CB238B666400A4B59A /* Request.swift in Sources */ = {isa = PBXBuildFile; fileRef = 885830CA238B666400A4B59A /* Request.swift */; };
		88595112238B54EE006166D9 /* GoogleService-Info.plist in Resources */ = {isa = PBXBuildFile; fileRef = 88595111238B54EE006166D9 /* GoogleService-Info.plist */; };
		88595114238B61F6006166D9 /* FireBaseRequest.swift in Sources */ = {isa = PBXBuildFile; fileRef = 88595113238B61F6006166D9 /* FireBaseRequest.swift */; };
		8873685C238F64920098B4F6 /* UIFont+CustomFonts.swift in Sources */ = {isa = PBXBuildFile; fileRef = 8873685B238F64920098B4F6 /* UIFont+CustomFonts.swift */; };
/* End PBXBuildFile section */

/* Begin PBXFileReference section */
		035201B4C092CB2131F95126 /* Pods_Yakyu_Lamen.framework */ = {isa = PBXFileReference; explicitFileType = wrapper.framework; includeInIndex = 0; path = Pods_Yakyu_Lamen.framework; sourceTree = BUILT_PRODUCTS_DIR; };
		194009617F069CB2A6FCBDB3 /* Pods-Yakyu Lamen.release.xcconfig */ = {isa = PBXFileReference; includeInIndex = 1; lastKnownFileType = text.xcconfig; name = "Pods-Yakyu Lamen.release.xcconfig"; path = "Pods/Target Support Files/Pods-Yakyu Lamen/Pods-Yakyu Lamen.release.xcconfig"; sourceTree = "<group>"; };
		53185DBB21C4ACB1006558F8 /* YelpAPI.swift */ = {isa = PBXFileReference; lastKnownFileType = sourcecode.swift; path = YelpAPI.swift; sourceTree = "<group>"; };
		531BCFA221BDDADF0023CA54 /* DataSource.swift */ = {isa = PBXFileReference; lastKnownFileType = sourcecode.swift; path = DataSource.swift; sourceTree = "<group>"; };
		531BCFA421BDE5110023CA54 /* CentralLeagueTableViewController.swift */ = {isa = PBXFileReference; lastKnownFileType = sourcecode.swift; path = CentralLeagueTableViewController.swift; sourceTree = "<group>"; };
		5320A38521DA2C4A00B6C693 /* MapIconView.swift */ = {isa = PBXFileReference; lastKnownFileType = sourcecode.swift; path = MapIconView.swift; sourceTree = "<group>"; };
		5341BCF021D9ACA300F024A3 /* MapKit.framework */ = {isa = PBXFileReference; lastKnownFileType = wrapper.framework; name = MapKit.framework; path = System/Library/Frameworks/MapKit.framework; sourceTree = SDKROOT; };
		5341BCF221D9ACFB00F024A3 /* MapPoints.swift */ = {isa = PBXFileReference; lastKnownFileType = sourcecode.swift; path = MapPoints.swift; sourceTree = "<group>"; };
		5341BCF421D9AD6000F024A3 /* MapViewController.swift */ = {isa = PBXFileReference; lastKnownFileType = sourcecode.swift; path = MapViewController.swift; sourceTree = "<group>"; };
		5348D14221BD78740009990C /* Yakyu Ramen.app */ = {isa = PBXFileReference; explicitFileType = wrapper.application; includeInIndex = 0; path = "Yakyu Ramen.app"; sourceTree = BUILT_PRODUCTS_DIR; };
		5348D14521BD78740009990C /* AppDelegate.swift */ = {isa = PBXFileReference; lastKnownFileType = sourcecode.swift; path = AppDelegate.swift; sourceTree = "<group>"; };
		5348D14C21BD78740009990C /* Base */ = {isa = PBXFileReference; lastKnownFileType = file.storyboard; name = Base; path = Base.lproj/Main.storyboard; sourceTree = "<group>"; };
		5348D14E21BD78770009990C /* Assets.xcassets */ = {isa = PBXFileReference; lastKnownFileType = folder.assetcatalog; path = Assets.xcassets; sourceTree = "<group>"; };
		5348D15121BD78770009990C /* Base */ = {isa = PBXFileReference; lastKnownFileType = file.storyboard; name = Base; path = Base.lproj/LaunchScreen.storyboard; sourceTree = "<group>"; };
		5348D15321BD78770009990C /* Info.plist */ = {isa = PBXFileReference; lastKnownFileType = text.plist.xml; path = Info.plist; sourceTree = "<group>"; };
		5348D15921BD7B240009990C /* LaunchScreenViewController.swift */ = {isa = PBXFileReference; lastKnownFileType = sourcecode.swift; path = LaunchScreenViewController.swift; sourceTree = "<group>"; };
		535C349921D59E170033D560 /* RatingControl.swift */ = {isa = PBXFileReference; lastKnownFileType = sourcecode.swift; path = RatingControl.swift; sourceTree = "<group>"; };
		535C349B21D5A8130033D560 /* RestaurantsTableViewCell.swift */ = {isa = PBXFileReference; lastKnownFileType = sourcecode.swift; path = RestaurantsTableViewCell.swift; sourceTree = "<group>"; };
		5367921521DDBF8A007F56BD /* LeagueTableViewController.swift */ = {isa = PBXFileReference; lastKnownFileType = sourcecode.swift; path = LeagueTableViewController.swift; sourceTree = "<group>"; };
		5367921821DDC02C007F56BD /* CentralLeagueDataSource.swift */ = {isa = PBXFileReference; lastKnownFileType = sourcecode.swift; path = CentralLeagueDataSource.swift; sourceTree = "<group>"; };
		5371CDE621DD39D9003A51B3 /* StoreMapController.swift */ = {isa = PBXFileReference; lastKnownFileType = sourcecode.swift; path = StoreMapController.swift; sourceTree = "<group>"; };
		5371CDE821DD5381003A51B3 /* LeagueMapController.swift */ = {isa = PBXFileReference; lastKnownFileType = sourcecode.swift; path = LeagueMapController.swift; sourceTree = "<group>"; };
		537AE0C921BD9079000E3E0C /* Teams.swift */ = {isa = PBXFileReference; lastKnownFileType = sourcecode.swift; path = Teams.swift; sourceTree = "<group>"; };
		537AE0CB21BDA301000E3E0C /* PacificLeagueTableViewController.swift */ = {isa = PBXFileReference; lastKnownFileType = sourcecode.swift; path = PacificLeagueTableViewController.swift; sourceTree = "<group>"; };
		53AEEF642324028A003EA007 /* YelpRequest.swift */ = {isa = PBXFileReference; lastKnownFileType = sourcecode.swift; path = YelpRequest.swift; sourceTree = "<group>"; };
		53CF690921CC930000CB41D7 /* Restaurant.swift */ = {isa = PBXFileReference; lastKnownFileType = sourcecode.swift; path = Restaurant.swift; sourceTree = "<group>"; };
		53E509C521BFCC70000DA737 /* StoresTableViewController.swift */ = {isa = PBXFileReference; lastKnownFileType = sourcecode.swift; path = StoresTableViewController.swift; sourceTree = "<group>"; };
		53FDF82B21DE4ACE00F7C5C0 /* PacificLeagueDataSource.swift */ = {isa = PBXFileReference; lastKnownFileType = sourcecode.swift; path = PacificLeagueDataSource.swift; sourceTree = "<group>"; };
		884F0D23238CBA6A008F2D40 /* Config.plist */ = {isa = PBXFileReference; lastKnownFileType = text.plist.xml; path = Config.plist; sourceTree = "<group>"; };
		885830CA238B666400A4B59A /* Request.swift */ = {isa = PBXFileReference; lastKnownFileType = sourcecode.swift; path = Request.swift; sourceTree = "<group>"; };
		88595111238B54EE006166D9 /* GoogleService-Info.plist */ = {isa = PBXFileReference; lastKnownFileType = text.plist; path = "GoogleService-Info.plist"; sourceTree = SOURCE_ROOT; };
		88595113238B61F6006166D9 /* FireBaseRequest.swift */ = {isa = PBXFileReference; lastKnownFileType = sourcecode.swift; path = FireBaseRequest.swift; sourceTree = "<group>"; };
		8873685B238F64920098B4F6 /* UIFont+CustomFonts.swift */ = {isa = PBXFileReference; lastKnownFileType = sourcecode.swift; path = "UIFont+CustomFonts.swift"; sourceTree = "<group>"; };
		DDBB0A09D743D3AEFFA73B5E /* Pods-Yakyu Lamen.debug.xcconfig */ = {isa = PBXFileReference; includeInIndex = 1; lastKnownFileType = text.xcconfig; name = "Pods-Yakyu Lamen.debug.xcconfig"; path = "Pods/Target Support Files/Pods-Yakyu Lamen/Pods-Yakyu Lamen.debug.xcconfig"; sourceTree = "<group>"; };
/* End PBXFileReference section */

/* Begin PBXFrameworksBuildPhase section */
		5348D13F21BD78740009990C /* Frameworks */ = {
			isa = PBXFrameworksBuildPhase;
			buildActionMask = 2147483647;
			files = (
				5341BCF121D9ACA300F024A3 /* MapKit.framework in Frameworks */,
				110CDA8C0A9D3D2E9AC1339B /* Pods_Yakyu_Lamen.framework in Frameworks */,
			);
			runOnlyForDeploymentPostprocessing = 0;
		};
/* End PBXFrameworksBuildPhase section */

/* Begin PBXGroup section */
		5348D13921BD78740009990C = {
			isa = PBXGroup;
			children = (
				5348D14421BD78740009990C /* Yakyu Ramen */,
				5348D14321BD78740009990C /* Products */,
				F598E74F5D5FA22412B5884B /* Pods */,
				745E572ED3E15E9E44EE9ABD /* Frameworks */,
			);
			sourceTree = "<group>";
		};
		5348D14321BD78740009990C /* Products */ = {
			isa = PBXGroup;
			children = (
				5348D14221BD78740009990C /* Yakyu Ramen.app */,
			);
			name = Products;
			sourceTree = "<group>";
		};
		5348D14421BD78740009990C /* Yakyu Ramen */ = {
			isa = PBXGroup;
			children = (
				884F0D20238CAD40008F2D40 /* Extensions */,
				53CFC6D321CCFB9B0021D10C /* API */,
				53CFC6D221CCFB940021D10C /* Controllers */,
				53CFC6D121CCFB8B0021D10C /* View */,
				537AE0C721BD8E23000E3E0C /* View Controllers */,
				537AE0C821BD8E41000E3E0C /* Models */,
				5348D14B21BD78740009990C /* Main.storyboard */,
				5348D14E21BD78770009990C /* Assets.xcassets */,
				5348D15021BD78770009990C /* LaunchScreen.storyboard */,
				5348D15321BD78770009990C /* Info.plist */,
				88595111238B54EE006166D9 /* GoogleService-Info.plist */,
				884F0D23238CBA6A008F2D40 /* Config.plist */,
			);
			path = "Yakyu Ramen";
			sourceTree = "<group>";
		};
		5367921721DDBFFE007F56BD /* Datasources */ = {
			isa = PBXGroup;
			children = (
				53AEEF6623240466003EA007 /* NPB */,
			);
			path = Datasources;
			sourceTree = "<group>";
		};
		537AE0C721BD8E23000E3E0C /* View Controllers */ = {
			isa = PBXGroup;
			children = (
				5348D14521BD78740009990C /* AppDelegate.swift */,
				5348D15921BD7B240009990C /* LaunchScreenViewController.swift */,
				537AE0CB21BDA301000E3E0C /* PacificLeagueTableViewController.swift */,
				531BCFA421BDE5110023CA54 /* CentralLeagueTableViewController.swift */,
				53E509C521BFCC70000DA737 /* StoresTableViewController.swift */,
				5341BCF421D9AD6000F024A3 /* MapViewController.swift */,
				5367921521DDBF8A007F56BD /* LeagueTableViewController.swift */,
			);
			path = "View Controllers";
			sourceTree = "<group>";
		};
		537AE0C821BD8E41000E3E0C /* Models */ = {
			isa = PBXGroup;
			children = (
				5367921721DDBFFE007F56BD /* Datasources */,
				537AE0C921BD9079000E3E0C /* Teams.swift */,
				531BCFA221BDDADF0023CA54 /* DataSource.swift */,
				53CF690921CC930000CB41D7 /* Restaurant.swift */,
				5341BCF221D9ACFB00F024A3 /* MapPoints.swift */,
			);
			path = Models;
			sourceTree = "<group>";
		};
		53AEEF6623240466003EA007 /* NPB */ = {
			isa = PBXGroup;
			children = (
				5367921821DDC02C007F56BD /* CentralLeagueDataSource.swift */,
				53FDF82B21DE4ACE00F7C5C0 /* PacificLeagueDataSource.swift */,
			);
			path = NPB;
			sourceTree = "<group>";
		};
		53CFC6D121CCFB8B0021D10C /* View */ = {
			isa = PBXGroup;
			children = (
				535C349921D59E170033D560 /* RatingControl.swift */,
				535C349B21D5A8130033D560 /* RestaurantsTableViewCell.swift */,
				5320A38521DA2C4A00B6C693 /* MapIconView.swift */,
			);
			path = View;
			sourceTree = "<group>";
		};
		53CFC6D221CCFB940021D10C /* Controllers */ = {
			isa = PBXGroup;
			children = (
				5371CDE621DD39D9003A51B3 /* StoreMapController.swift */,
				5371CDE821DD5381003A51B3 /* LeagueMapController.swift */,
			);
			path = Controllers;
			sourceTree = "<group>";
		};
		53CFC6D321CCFB9B0021D10C /* API */ = {
			isa = PBXGroup;
			children = (
				53185DBB21C4ACB1006558F8 /* YelpAPI.swift */,
				53AEEF642324028A003EA007 /* YelpRequest.swift */,
				88595113238B61F6006166D9 /* FireBaseRequest.swift */,
				885830CA238B666400A4B59A /* Request.swift */,
			);
			path = API;
			sourceTree = "<group>";
		};
		745E572ED3E15E9E44EE9ABD /* Frameworks */ = {
			isa = PBXGroup;
			children = (
				5341BCF021D9ACA300F024A3 /* MapKit.framework */,
				035201B4C092CB2131F95126 /* Pods_Yakyu_Lamen.framework */,
			);
			name = Frameworks;
			sourceTree = "<group>";
		};
		884F0D20238CAD40008F2D40 /* Extensions */ = {
			isa = PBXGroup;
			children = (
				8873685B238F64920098B4F6 /* UIFont+CustomFonts.swift */,
			);
			path = Extensions;
			sourceTree = "<group>";
		};
		F598E74F5D5FA22412B5884B /* Pods */ = {
			isa = PBXGroup;
			children = (
				DDBB0A09D743D3AEFFA73B5E /* Pods-Yakyu Lamen.debug.xcconfig */,
				194009617F069CB2A6FCBDB3 /* Pods-Yakyu Lamen.release.xcconfig */,
			);
			name = Pods;
			sourceTree = "<group>";
		};
/* End PBXGroup section */

/* Begin PBXNativeTarget section */
		5348D14121BD78740009990C /* Yakyu Ramen */ = {
			isa = PBXNativeTarget;
			buildConfigurationList = 5348D15621BD78770009990C /* Build configuration list for PBXNativeTarget "Yakyu Ramen" */;
			buildPhases = (
				B85101FD5630FCA0D2770DE7 /* [CP] Check Pods Manifest.lock */,
				5348D13E21BD78740009990C /* Sources */,
				5348D13F21BD78740009990C /* Frameworks */,
				5348D14021BD78740009990C /* Resources */,
				8446CA4B4119C3D4819CE658 /* [CP] Embed Pods Frameworks */,
			);
			buildRules = (
			);
			dependencies = (
			);
			name = "Yakyu Ramen";
			productName = "Yakyu Lamen";
			productReference = 5348D14221BD78740009990C /* Yakyu Ramen.app */;
			productType = "com.apple.product-type.application";
		};
/* End PBXNativeTarget section */

/* Begin PBXProject section */
		5348D13A21BD78740009990C /* Project object */ = {
			isa = PBXProject;
			attributes = {
				LastSwiftUpdateCheck = 0940;
				LastUpgradeCheck = 0940;
				ORGANIZATIONNAME = Gabriel;
				TargetAttributes = {
					5348D14121BD78740009990C = {
						CreatedOnToolsVersion = 9.4.1;
						SystemCapabilities = {
							com.apple.Maps.iOS = {
								enabled = 1;
							};
						};
					};
				};
			};
			buildConfigurationList = 5348D13D21BD78740009990C /* Build configuration list for PBXProject "Yakyu Ramen" */;
			compatibilityVersion = "Xcode 9.3";
			developmentRegion = en;
			hasScannedForEncodings = 0;
			knownRegions = (
				en,
				Base,
			);
			mainGroup = 5348D13921BD78740009990C;
			productRefGroup = 5348D14321BD78740009990C /* Products */;
			projectDirPath = "";
			projectRoot = "";
			targets = (
				5348D14121BD78740009990C /* Yakyu Ramen */,
			);
		};
/* End PBXProject section */

/* Begin PBXResourcesBuildPhase section */
		5348D14021BD78740009990C /* Resources */ = {
			isa = PBXResourcesBuildPhase;
			buildActionMask = 2147483647;
			files = (
				5348D15221BD78770009990C /* LaunchScreen.storyboard in Resources */,
				884F0D24238CBA6A008F2D40 /* Config.plist in Resources */,
				88595112238B54EE006166D9 /* GoogleService-Info.plist in Resources */,
				5348D14F21BD78770009990C /* Assets.xcassets in Resources */,
				5348D14D21BD78740009990C /* Main.storyboard in Resources */,
			);
			runOnlyForDeploymentPostprocessing = 0;
		};
/* End PBXResourcesBuildPhase section */

/* Begin PBXShellScriptBuildPhase section */
		8446CA4B4119C3D4819CE658 /* [CP] Embed Pods Frameworks */ = {
			isa = PBXShellScriptBuildPhase;
			buildActionMask = 2147483647;
			files = (
			);
			inputFileListPaths = (
				"${PODS_ROOT}/Target Support Files/Pods-Yakyu Lamen/Pods-Yakyu Lamen-frameworks-${CONFIGURATION}-input-files.xcfilelist",
			);
			name = "[CP] Embed Pods Frameworks";
			outputFileListPaths = (
				"${PODS_ROOT}/Target Support Files/Pods-Yakyu Lamen/Pods-Yakyu Lamen-frameworks-${CONFIGURATION}-output-files.xcfilelist",
			);
			runOnlyForDeploymentPostprocessing = 0;
			shellPath = /bin/sh;
			shellScript = "\"${PODS_ROOT}/Target Support Files/Pods-Yakyu Lamen/Pods-Yakyu Lamen-frameworks.sh\"\n";
			showEnvVarsInLog = 0;
		};
		B85101FD5630FCA0D2770DE7 /* [CP] Check Pods Manifest.lock */ = {
			isa = PBXShellScriptBuildPhase;
			buildActionMask = 2147483647;
			files = (
			);
			inputPaths = (
				"${PODS_PODFILE_DIR_PATH}/Podfile.lock",
				"${PODS_ROOT}/Manifest.lock",
			);
			name = "[CP] Check Pods Manifest.lock";
			outputPaths = (
				"$(DERIVED_FILE_DIR)/Pods-Yakyu Lamen-checkManifestLockResult.txt",
			);
			runOnlyForDeploymentPostprocessing = 0;
			shellPath = /bin/sh;
			shellScript = "diff \"${PODS_PODFILE_DIR_PATH}/Podfile.lock\" \"${PODS_ROOT}/Manifest.lock\" > /dev/null\nif [ $? != 0 ] ; then\n    # print error to STDERR\n    echo \"error: The sandbox is not in sync with the Podfile.lock. Run 'pod install' or update your CocoaPods installation.\" >&2\n    exit 1\nfi\n# This output is used by Xcode 'outputs' to avoid re-running this script phase.\necho \"SUCCESS\" > \"${SCRIPT_OUTPUT_FILE_0}\"\n";
			showEnvVarsInLog = 0;
		};
/* End PBXShellScriptBuildPhase section */

/* Begin PBXSourcesBuildPhase section */
		5348D13E21BD78740009990C /* Sources */ = {
			isa = PBXSourcesBuildPhase;
			buildActionMask = 2147483647;
			files = (
				53CF690A21CC930000CB41D7 /* Restaurant.swift in Sources */,
				53FDF82C21DE4ACE00F7C5C0 /* PacificLeagueDataSource.swift in Sources */,
				5341BCF321D9ACFB00F024A3 /* MapPoints.swift in Sources */,
				5371CDE721DD39D9003A51B3 /* StoreMapController.swift in Sources */,
				537AE0CA21BD9079000E3E0C /* Teams.swift in Sources */,
				5371CDE921DD5381003A51B3 /* LeagueMapController.swift in Sources */,
				53E509C621BFCC70000DA737 /* StoresTableViewController.swift in Sources */,
				535C349A21D59E170033D560 /* RatingControl.swift in Sources */,
				88595114238B61F6006166D9 /* FireBaseRequest.swift in Sources */,
				531BCFA521BDE5110023CA54 /* CentralLeagueTableViewController.swift in Sources */,
				53185DBC21C4ACB1006558F8 /* YelpAPI.swift in Sources */,
				537AE0CD21BDA301000E3E0C /* PacificLeagueTableViewController.swift in Sources */,
				5320A38621DA2C4A00B6C693 /* MapIconView.swift in Sources */,
				5348D14621BD78740009990C /* AppDelegate.swift in Sources */,
				5348D15A21BD7B240009990C /* LaunchScreenViewController.swift in Sources */,
				885830CB238B666400A4B59A /* Request.swift in Sources */,
				8873685C238F64920098B4F6 /* UIFont+CustomFonts.swift in Sources */,
				531BCFA321BDDADF0023CA54 /* DataSource.swift in Sources */,
				53AEEF652324028A003EA007 /* YelpRequest.swift in Sources */,
				5367921621DDBF8A007F56BD /* LeagueTableViewController.swift in Sources */,
				535C349C21D5A8130033D560 /* RestaurantsTableViewCell.swift in Sources */,
				5341BCF521D9AD6000F024A3 /* MapViewController.swift in Sources */,
				5367921921DDC02C007F56BD /* CentralLeagueDataSource.swift in Sources */,
			);
			runOnlyForDeploymentPostprocessing = 0;
		};
/* End PBXSourcesBuildPhase section */

/* Begin PBXVariantGroup section */
		5348D14B21BD78740009990C /* Main.storyboard */ = {
			isa = PBXVariantGroup;
			children = (
				5348D14C21BD78740009990C /* Base */,
			);
			name = Main.storyboard;
			sourceTree = "<group>";
		};
		5348D15021BD78770009990C /* LaunchScreen.storyboard */ = {
			isa = PBXVariantGroup;
			children = (
				5348D15121BD78770009990C /* Base */,
			);
			name = LaunchScreen.storyboard;
			sourceTree = "<group>";
		};
/* End PBXVariantGroup section */

/* Begin XCBuildConfiguration section */
		5348D15421BD78770009990C /* Debug */ = {
			isa = XCBuildConfiguration;
			buildSettings = {
				ALWAYS_SEARCH_USER_PATHS = NO;
				CLANG_ANALYZER_NONNULL = YES;
				CLANG_ANALYZER_NUMBER_OBJECT_CONVERSION = YES_AGGRESSIVE;
				CLANG_CXX_LANGUAGE_STANDARD = "gnu++14";
				CLANG_CXX_LIBRARY = "libc++";
				CLANG_ENABLE_MODULES = YES;
				CLANG_ENABLE_OBJC_ARC = YES;
				CLANG_ENABLE_OBJC_WEAK = YES;
				CLANG_WARN_BLOCK_CAPTURE_AUTORELEASING = YES;
				CLANG_WARN_BOOL_CONVERSION = YES;
				CLANG_WARN_COMMA = YES;
				CLANG_WARN_CONSTANT_CONVERSION = YES;
				CLANG_WARN_DEPRECATED_OBJC_IMPLEMENTATIONS = YES;
				CLANG_WARN_DIRECT_OBJC_ISA_USAGE = YES_ERROR;
				CLANG_WARN_DOCUMENTATION_COMMENTS = YES;
				CLANG_WARN_EMPTY_BODY = YES;
				CLANG_WARN_ENUM_CONVERSION = YES;
				CLANG_WARN_INFINITE_RECURSION = YES;
				CLANG_WARN_INT_CONVERSION = YES;
				CLANG_WARN_NON_LITERAL_NULL_CONVERSION = YES;
				CLANG_WARN_OBJC_IMPLICIT_RETAIN_SELF = YES;
				CLANG_WARN_OBJC_LITERAL_CONVERSION = YES;
				CLANG_WARN_OBJC_ROOT_CLASS = YES_ERROR;
				CLANG_WARN_RANGE_LOOP_ANALYSIS = YES;
				CLANG_WARN_STRICT_PROTOTYPES = YES;
				CLANG_WARN_SUSPICIOUS_MOVE = YES;
				CLANG_WARN_UNGUARDED_AVAILABILITY = YES_AGGRESSIVE;
				CLANG_WARN_UNREACHABLE_CODE = YES;
				CLANG_WARN__DUPLICATE_METHOD_MATCH = YES;
				CODE_SIGN_IDENTITY = "iPhone Developer";
				COPY_PHASE_STRIP = NO;
				DEBUG_INFORMATION_FORMAT = dwarf;
				ENABLE_STRICT_OBJC_MSGSEND = YES;
				ENABLE_TESTABILITY = YES;
				GCC_C_LANGUAGE_STANDARD = gnu11;
				GCC_DYNAMIC_NO_PIC = NO;
				GCC_NO_COMMON_BLOCKS = YES;
				GCC_OPTIMIZATION_LEVEL = 0;
				GCC_PREPROCESSOR_DEFINITIONS = (
					"DEBUG=1",
					"$(inherited)",
				);
				GCC_WARN_64_TO_32_BIT_CONVERSION = YES;
				GCC_WARN_ABOUT_RETURN_TYPE = YES_ERROR;
				GCC_WARN_UNDECLARED_SELECTOR = YES;
				GCC_WARN_UNINITIALIZED_AUTOS = YES_AGGRESSIVE;
				GCC_WARN_UNUSED_FUNCTION = YES;
				GCC_WARN_UNUSED_VARIABLE = YES;
				IPHONEOS_DEPLOYMENT_TARGET = 11.4;
				MTL_ENABLE_DEBUG_INFO = YES;
				ONLY_ACTIVE_ARCH = YES;
				SDKROOT = iphoneos;
				SWIFT_ACTIVE_COMPILATION_CONDITIONS = DEBUG;
				SWIFT_OPTIMIZATION_LEVEL = "-Onone";
			};
			name = Debug;
		};
		5348D15521BD78770009990C /* Release */ = {
			isa = XCBuildConfiguration;
			buildSettings = {
				ALWAYS_SEARCH_USER_PATHS = NO;
				CLANG_ANALYZER_NONNULL = YES;
				CLANG_ANALYZER_NUMBER_OBJECT_CONVERSION = YES_AGGRESSIVE;
				CLANG_CXX_LANGUAGE_STANDARD = "gnu++14";
				CLANG_CXX_LIBRARY = "libc++";
				CLANG_ENABLE_MODULES = YES;
				CLANG_ENABLE_OBJC_ARC = YES;
				CLANG_ENABLE_OBJC_WEAK = YES;
				CLANG_WARN_BLOCK_CAPTURE_AUTORELEASING = YES;
				CLANG_WARN_BOOL_CONVERSION = YES;
				CLANG_WARN_COMMA = YES;
				CLANG_WARN_CONSTANT_CONVERSION = YES;
				CLANG_WARN_DEPRECATED_OBJC_IMPLEMENTATIONS = YES;
				CLANG_WARN_DIRECT_OBJC_ISA_USAGE = YES_ERROR;
				CLANG_WARN_DOCUMENTATION_COMMENTS = YES;
				CLANG_WARN_EMPTY_BODY = YES;
				CLANG_WARN_ENUM_CONVERSION = YES;
				CLANG_WARN_INFINITE_RECURSION = YES;
				CLANG_WARN_INT_CONVERSION = YES;
				CLANG_WARN_NON_LITERAL_NULL_CONVERSION = YES;
				CLANG_WARN_OBJC_IMPLICIT_RETAIN_SELF = YES;
				CLANG_WARN_OBJC_LITERAL_CONVERSION = YES;
				CLANG_WARN_OBJC_ROOT_CLASS = YES_ERROR;
				CLANG_WARN_RANGE_LOOP_ANALYSIS = YES;
				CLANG_WARN_STRICT_PROTOTYPES = YES;
				CLANG_WARN_SUSPICIOUS_MOVE = YES;
				CLANG_WARN_UNGUARDED_AVAILABILITY = YES_AGGRESSIVE;
				CLANG_WARN_UNREACHABLE_CODE = YES;
				CLANG_WARN__DUPLICATE_METHOD_MATCH = YES;
				CODE_SIGN_IDENTITY = "iPhone Developer";
				COPY_PHASE_STRIP = NO;
				DEBUG_INFORMATION_FORMAT = "dwarf-with-dsym";
				ENABLE_NS_ASSERTIONS = NO;
				ENABLE_STRICT_OBJC_MSGSEND = YES;
				GCC_C_LANGUAGE_STANDARD = gnu11;
				GCC_NO_COMMON_BLOCKS = YES;
				GCC_WARN_64_TO_32_BIT_CONVERSION = YES;
				GCC_WARN_ABOUT_RETURN_TYPE = YES_ERROR;
				GCC_WARN_UNDECLARED_SELECTOR = YES;
				GCC_WARN_UNINITIALIZED_AUTOS = YES_AGGRESSIVE;
				GCC_WARN_UNUSED_FUNCTION = YES;
				GCC_WARN_UNUSED_VARIABLE = YES;
				IPHONEOS_DEPLOYMENT_TARGET = 11.4;
				MTL_ENABLE_DEBUG_INFO = NO;
				SDKROOT = iphoneos;
				SWIFT_COMPILATION_MODE = wholemodule;
				SWIFT_OPTIMIZATION_LEVEL = "-O";
				VALIDATE_PRODUCT = YES;
			};
			name = Release;
		};
		5348D15721BD78770009990C /* Debug */ = {
			isa = XCBuildConfiguration;
			baseConfigurationReference = DDBB0A09D743D3AEFFA73B5E /* Pods-Yakyu Lamen.debug.xcconfig */;
			buildSettings = {
				ASSETCATALOG_COMPILER_APPICON_NAME = AppIcon;
				CODE_SIGN_STYLE = Automatic;
				DEVELOPMENT_TEAM = 6S4RC49GBK;
				INFOPLIST_FILE = "Yakyu Lamen/Info.plist";
				IPHONEOS_DEPLOYMENT_TARGET = 11.0;
				LD_RUNPATH_SEARCH_PATHS = (
					"$(inherited)",
					"@executable_path/Frameworks",
				);
				PRODUCT_BUNDLE_IDENTIFIER = "gm.ios.Yakyu-Lamen";
				PRODUCT_NAME = "$(TARGET_NAME)";
				SWIFT_VERSION = 4.0;
				TARGETED_DEVICE_FAMILY = "1,2";
			};
			name = Debug;
		};
		5348D15821BD78770009990C /* Release */ = {
			isa = XCBuildConfiguration;
			baseConfigurationReference = 194009617F069CB2A6FCBDB3 /* Pods-Yakyu Lamen.release.xcconfig */;
			buildSettings = {
				ASSETCATALOG_COMPILER_APPICON_NAME = AppIcon;
				CODE_SIGN_STYLE = Automatic;
				DEVELOPMENT_TEAM = 6S4RC49GBK;
				INFOPLIST_FILE = "Yakyu Lamen/Info.plist";
				IPHONEOS_DEPLOYMENT_TARGET = 11.0;
				LD_RUNPATH_SEARCH_PATHS = (
					"$(inherited)",
					"@executable_path/Frameworks",
				);
				PRODUCT_BUNDLE_IDENTIFIER = "gm.ios.Yakyu-Lamen";
				PRODUCT_NAME = "$(TARGET_NAME)";
				SWIFT_VERSION = 4.0;
				TARGETED_DEVICE_FAMILY = "1,2";
			};
			name = Release;
		};
/* End XCBuildConfiguration section */

/* Begin XCConfigurationList section */
		5348D13D21BD78740009990C /* Build configuration list for PBXProject "Yakyu Ramen" */ = {
			isa = XCConfigurationList;
			buildConfigurations = (
				5348D15421BD78770009990C /* Debug */,
				5348D15521BD78770009990C /* Release */,
			);
			defaultConfigurationIsVisible = 0;
			defaultConfigurationName = Release;
		};
		5348D15621BD78770009990C /* Build configuration list for PBXNativeTarget "Yakyu Ramen" */ = {
			isa = XCConfigurationList;
			buildConfigurations = (
				5348D15721BD78770009990C /* Debug */,
				5348D15821BD78770009990C /* Release */,
			);
			defaultConfigurationIsVisible = 0;
			defaultConfigurationName = Release;
		};
/* End XCConfigurationList section */
	};
	rootObject = 5348D13A21BD78740009990C /* Project object */;
}
